PODS:
  - AGNavigationBarShape (0.3.1)

DEPENDENCIES:
  - AGNavigationBarShape (from `../`)

EXTERNAL SOURCES:
  AGNavigationBarShape:
    :path: ../

SPEC CHECKSUMS:
  AGNavigationBarShape: 13c24a466d1362ae4d0d036efa0fad7a3abab455

PODFILE CHECKSUM: c53f6bb8129c700c5a649bc3ccd939d83234beed

COCOAPODS: 1.1.1
